// !$*UTF8*$!
{
	archiveVersion = 1;
	classes = {
	};
	objectVersion = 46;
	objects = {

/* Begin PBXBuildFile section */
		75F9299C1C1FB96800FBA68A /* AppDelegate.swift in Sources */ = {isa = PBXBuildFile; fileRef = 75F9299B1C1FB96800FBA68A /* AppDelegate.swift */; };
		75F9299E1C1FB96800FBA68A /* ViewController.swift in Sources */ = {isa = PBXBuildFile; fileRef = 75F9299D1C1FB96800FBA68A /* ViewController.swift */; };
		75F929A11C1FB96800FBA68A /* Main.storyboard in Resources */ = {isa = PBXBuildFile; fileRef = 75F9299F1C1FB96800FBA68A /* Main.storyboard */; };
		75F929A31C1FB96800FBA68A /* Assets.xcassets in Resources */ = {isa = PBXBuildFile; fileRef = 75F929A21C1FB96800FBA68A /* Assets.xcassets */; };
		75F929A61C1FB96800FBA68A /* LaunchScreen.storyboard in Resources */ = {isa = PBXBuildFile; fileRef = 75F929A41C1FB96800FBA68A /* LaunchScreen.storyboard */; };
		75F929B11C1FB96800FBA68A /* TipsTests.swift in Sources */ = {isa = PBXBuildFile; fileRef = 75F929B01C1FB96800FBA68A /* TipsTests.swift */; };
		75F929BC1C1FCFD000FBA68A /* SettingsViewController.swift in Sources */ = {isa = PBXBuildFile; fileRef = 75F929BB1C1FCFD000FBA68A /* SettingsViewController.swift */; };
		75F929BE1C1FD59100FBA68A /* SplittingControl.swift in Sources */ = {isa = PBXBuildFile; fileRef = 75F929BD1C1FD59100FBA68A /* SplittingControl.swift */; };
/* End PBXBuildFile section */

/* Begin PBXContainerItemProxy section */
		75F929AD1C1FB96800FBA68A /* PBXContainerItemProxy */ = {
			isa = PBXContainerItemProxy;
			containerPortal = 75F929901C1FB96800FBA68A /* Project object */;
			proxyType = 1;
			remoteGlobalIDString = 75F929971C1FB96800FBA68A;
			remoteInfo = Tips;
		};
/* End PBXContainerItemProxy section */

/* Begin PBXFileReference section */
		75F929981C1FB96800FBA68A /* Tips.app */ = {isa = PBXFileReference; explicitFileType = wrapper.application; includeInIndex = 0; path = Tips.app; sourceTree = BUILT_PRODUCTS_DIR; };
		75F9299B1C1FB96800FBA68A /* AppDelegate.swift */ = {isa = PBXFileReference; lastKnownFileType = sourcecode.swift; path = AppDelegate.swift; sourceTree = "<group>"; };
		75F9299D1C1FB96800FBA68A /* ViewController.swift */ = {isa = PBXFileReference; lastKnownFileType = sourcecode.swift; path = ViewController.swift; sourceTree = "<group>"; };
		75F929A01C1FB96800FBA68A /* Base */ = {isa = PBXFileReference; lastKnownFileType = file.storyboard; name = Base; path = Base.lproj/Main.storyboard; sourceTree = "<group>"; };
		75F929A21C1FB96800FBA68A /* Assets.xcassets */ = {isa = PBXFileReference; lastKnownFileType = folder.assetcatalog; path = Assets.xcassets; sourceTree = "<group>"; };
		75F929A51C1FB96800FBA68A /* Base */ = {isa = PBXFileReference; lastKnownFileType = file.storyboard; name = Base; path = Base.lproj/LaunchScreen.storyboard; sourceTree = "<group>"; };
		75F929A71C1FB96800FBA68A /* Info.plist */ = {isa = PBXFileReference; lastKnownFileType = text.plist.xml; path = Info.plist; sourceTree = "<group>"; };
		75F929AC1C1FB96800FBA68A /* TipsTests.xctest */ = {isa = PBXFileReference; explicitFileType = wrapper.cfbundle; includeInIndex = 0; path = TipsTests.xctest; sourceTree = BUILT_PRODUCTS_DIR; };
		75F929B01C1FB96800FBA68A /* TipsTests.swift */ = {isa = PBXFileReference; lastKnownFileType = sourcecode.swift; path = TipsTests.swift; sourceTree = "<group>"; };
		75F929B21C1FB96800FBA68A /* Info.plist */ = {isa = PBXFileReference; lastKnownFileType = text.plist.xml; path = Info.plist; sourceTree = "<group>"; };
		75F929BB1C1FCFD000FBA68A /* SettingsViewController.swift */ = {isa = PBXFileReference; fileEncoding = 4; lastKnownFileType = sourcecode.swift; path = SettingsViewController.swift; sourceTree = "<group>"; };
		75F929BD1C1FD59100FBA68A /* SplittingControl.swift */ = {isa = PBXFileReference; fileEncoding = 4; lastKnownFileType = sourcecode.swift; path = SplittingControl.swift; sourceTree = "<group>"; };
/* End PBXFileReference section */

/* Begin PBXFrameworksBuildPhase section */
		75F929951C1FB96800FBA68A /* Frameworks */ = {
			isa = PBXFrameworksBuildPhase;
			buildActionMask = 2147483647;
			files = (
			);
			runOnlyForDeploymentPostprocessing = 0;
		};
		75F929A91C1FB96800FBA68A /* Frameworks */ = {
			isa = PBXFrameworksBuildPhase;
			buildActionMask = 2147483647;
			files = (
			);
			runOnlyForDeploymentPostprocessing = 0;
		};
/* End PBXFrameworksBuildPhase section */

/* Begin PBXGroup section */
		75F9298F1C1FB96800FBA68A = {
			isa = PBXGroup;
			children = (
				75F9299A1C1FB96800FBA68A /* Tips */,
				75F929AF1C1FB96800FBA68A /* TipsTests */,
				75F929991C1FB96800FBA68A /* Products */,
			);
			sourceTree = "<group>";
		};
		75F929991C1FB96800FBA68A /* Products */ = {
			isa = PBXGroup;
			children = (
				75F929981C1FB96800FBA68A /* Tips.app */,
				75F929AC1C1FB96800FBA68A /* TipsTests.xctest */,
			);
			name = Products;
			sourceTree = "<group>";
		};
		75F9299A1C1FB96800FBA68A /* Tips */ = {
			isa = PBXGroup;
			children = (
				75F9299B1C1FB96800FBA68A /* AppDelegate.swift */,
				75F9299D1C1FB96800FBA68A /* ViewController.swift */,
				75F9299F1C1FB96800FBA68A /* Main.storyboard */,
				75F929BB1C1FCFD000FBA68A /* SettingsViewController.swift */,
				75F929BD1C1FD59100FBA68A /* SplittingControl.swift */,
				75F929A21C1FB96800FBA68A /* Assets.xcassets */,
				75F929A41C1FB96800FBA68A /* LaunchScreen.storyboard */,
				75F929A71C1FB96800FBA68A /* Info.plist */,
			);
			path = Tips;
			sourceTree = "<group>";
		};
		75F929AF1C1FB96800FBA68A /* TipsTests */ = {
			isa = PBXGroup;
			children = (
				75F929B01C1FB96800FBA68A /* TipsTests.swift */,
				75F929B21C1FB96800FBA68A /* Info.plist */,
			);
			path = TipsTests;
			sourceTree = "<group>";
		};
/* End PBXGroup section */

/* Begin PBXNativeTarget section */
		75F929971C1FB96800FBA68A /* Tips */ = {
			isa = PBXNativeTarget;
			buildConfigurationList = 75F929B51C1FB96800FBA68A /* Build configuration list for PBXNativeTarget "Tips" */;
			buildPhases = (
				75F929941C1FB96800FBA68A /* Sources */,
				75F929951C1FB96800FBA68A /* Frameworks */,
				75F929961C1FB96800FBA68A /* Resources */,
			);
			buildRules = (
			);
			dependencies = (
			);
			name = Tips;
			productName = Tips;
			productReference = 75F929981C1FB96800FBA68A /* Tips.app */;
			productType = "com.apple.product-type.application";
		};
		75F929AB1C1FB96800FBA68A /* TipsTests */ = {
			isa = PBXNativeTarget;
			buildConfigurationList = 75F929B81C1FB96800FBA68A /* Build configuration list for PBXNativeTarget "TipsTests" */;
			buildPhases = (
				75F929A81C1FB96800FBA68A /* Sources */,
				75F929A91C1FB96800FBA68A /* Frameworks */,
				75F929AA1C1FB96800FBA68A /* Resources */,
			);
			buildRules = (
			);
			dependencies = (
				75F929AE1C1FB96800FBA68A /* PBXTargetDependency */,
			);
			name = TipsTests;
			productName = TipsTests;
			productReference = 75F929AC1C1FB96800FBA68A /* TipsTests.xctest */;
			productType = "com.apple.product-type.bundle.unit-test";
		};
/* End PBXNativeTarget section */

/* Begin PBXProject section */
		75F929901C1FB96800FBA68A /* Project object */ = {
			isa = PBXProject;
			attributes = {
				LastSwiftUpdateCheck = 0720;
				LastUpgradeCheck = 0720;
				ORGANIZATIONNAME = lainiewright;
				TargetAttributes = {
					75F929971C1FB96800FBA68A = {
						CreatedOnToolsVersion = 7.2;
						DevelopmentTeam = WT4N5Q6FGA;
					};
					75F929AB1C1FB96800FBA68A = {
						CreatedOnToolsVersion = 7.2;
						DevelopmentTeam = WT4N5Q6FGA;
						TestTargetID = 75F929971C1FB96800FBA68A;
					};
				};
			};
			buildConfigurationList = 75F929931C1FB96800FBA68A /* Build configuration list for PBXProject "Tips" */;
			compatibilityVersion = "Xcode 3.2";
			developmentRegion = English;
			hasScannedForEncodings = 0;
			knownRegions = (
				en,
				Base,
			);
			mainGroup = 75F9298F1C1FB96800FBA68A;
			productRefGroup = 75F929991C1FB96800FBA68A /* Products */;
			projectDirPath = "";
			projectRoot = "";
			targets = (
				75F929971C1FB96800FBA68A /* Tips */,
				75F929AB1C1FB96800FBA68A /* TipsTests */,
			);
		};
/* End PBXProject section */

/* Begin PBXResourcesBuildPhase section */
		75F929961C1FB96800FBA68A /* Resources */ = {
			isa = PBXResourcesBuildPhase;
			buildActionMask = 2147483647;
			files = (
				75F929A61C1FB96800FBA68A /* LaunchScreen.storyboard in Resources */,
				75F929A31C1FB96800FBA68A /* Assets.xcassets in Resources */,
				75F929A11C1FB96800FBA68A /* Main.storyboard in Resources */,
			);
			runOnlyForDeploymentPostprocessing = 0;
		};
		75F929AA1C1FB96800FBA68A /* Resources */ = {
			isa = PBXResourcesBuildPhase;
			buildActionMask = 2147483647;
			files = (
			);
			runOnlyForDeploymentPostprocessing = 0;
		};
/* End PBXResourcesBuildPhase section */

/* Begin PBXSourcesBuildPhase section */
		75F929941C1FB96800FBA68A /* Sources */ = {
			isa = PBXSourcesBuildPhase;
			buildActionMask = 2147483647;
			files = (
				75F929BE1C1FD59100FBA68A /* SplittingControl.swift in Sources */,
				75F9299E1C1FB96800FBA68A /* ViewController.swift in Sources */,
				75F9299C1C1FB96800FBA68A /* AppDelegate.swift in Sources */,
				75F929BC1C1FCFD000FBA68A /* SettingsViewController.swift in Sources */,
			);
			runOnlyForDeploymentPostprocessing = 0;
		};
		75F929A81C1FB96800FBA68A /* Sources */ = {
			isa = PBXSourcesBuildPhase;
			buildActionMask = 2147483647;
			files = (
				75F929B11C1FB96800FBA68A /* TipsTests.swift in Sources */,
			);
			runOnlyForDeploymentPostprocessing = 0;
		};
/* End PBXSourcesBuildPhase section */

/* Begin PBXTargetDependency section */
		75F929AE1C1FB96800FBA68A /* PBXTargetDependency */ = {
			isa = PBXTargetDependency;
			target = 75F929971C1FB96800FBA68A /* Tips */;
			targetProxy = 75F929AD1C1FB96800FBA68A /* PBXContainerItemProxy */;
		};
/* End PBXTargetDependency section */

/* Begin PBXVariantGroup section */
		75F9299F1C1FB96800FBA68A /* Main.storyboard */ = {
			isa = PBXVariantGroup;
			children = (
				75F929A01C1FB96800FBA68A /* Base */,
			);
			name = Main.storyboard;
			sourceTree = "<group>";
		};
		75F929A41C1FB96800FBA68A /* LaunchScreen.storyboard */ = {
			isa = PBXVariantGroup;
			children = (
				75F929A51C1FB96800FBA68A /* Base */,
			);
			name = LaunchScreen.storyboard;
			sourceTree = "<group>";
		};
/* End PBXVariantGroup section */

/* Begin XCBuildConfiguration section */
		75F929B31C1FB96800FBA68A /* Debug */ = {
			isa = XCBuildConfiguration;
			buildSettings = {
				ALWAYS_SEARCH_USER_PATHS = NO;
				CLANG_CXX_LANGUAGE_STANDARD = "gnu++0x";
				CLANG_CXX_LIBRARY = "libc++";
				CLANG_ENABLE_MODULES = YES;
				CLANG_ENABLE_OBJC_ARC = YES;
				CLANG_WARN_BOOL_CONVERSION = YES;
				CLANG_WARN_CONSTANT_CONVERSION = YES;
				CLANG_WARN_DIRECT_OBJC_ISA_USAGE = YES_ERROR;
				CLANG_WARN_EMPTY_BODY = YES;
				CLANG_WARN_ENUM_CONVERSION = YES;
				CLANG_WARN_INT_CONVERSION = YES;
				CLANG_WARN_OBJC_ROOT_CLASS = YES_ERROR;
				CLANG_WARN_UNREACHABLE_CODE = YES;
				CLANG_WARN__DUPLICATE_METHOD_MATCH = YES;
				"CODE_SIGN_IDENTITY[sdk=iphoneos*]" = "iPhone Developer";
				COPY_PHASE_STRIP = NO;
				DEBUG_INFORMATION_FORMAT = dwarf;
				ENABLE_STRICT_OBJC_MSGSEND = YES;
				ENABLE_TESTABILITY = YES;
				GCC_C_LANGUAGE_STANDARD = gnu99;
				GCC_DYNAMIC_NO_PIC = NO;
				GCC_NO_COMMON_BLOCKS = YES;
				GCC_OPTIMIZATION_LEVEL = 0;
				GCC_PREPROCESSOR_DEFINITIONS = (
					"DEBUG=1",
					"$(inherited)",
				);
				GCC_WARN_64_TO_32_BIT_CONVERSION = YES;
				GCC_WARN_ABOUT_RETURN_TYPE = YES_ERROR;
				GCC_WARN_UNDECLARED_SELECTOR = YES;
				GCC_WARN_UNINITIALIZED_AUTOS = YES_AGGRESSIVE;
				GCC_WARN_UNUSED_FUNCTION = YES;
				GCC_WARN_UNUSED_VARIABLE = YES;
				IPHONEOS_DEPLOYMENT_TARGET = 9.2;
				MTL_ENABLE_DEBUG_INFO = YES;
				ONLY_ACTIVE_ARCH = YES;
				SDKROOT = iphoneos;
				SWIFT_OPTIMIZATION_LEVEL = "-Onone";
			};
			name = Debug;
		};
		75F929B41C1FB96800FBA68A /* Release */ = {
			isa = XCBuildConfiguration;
			buildSettings = {
				ALWAYS_SEARCH_USER_PATHS = NO;
				CLANG_CXX_LANGUAGE_STANDARD = "gnu++0x";
				CLANG_CXX_LIBRARY = "libc++";
				CLANG_ENABLE_MODULES = YES;
				CLANG_ENABLE_OBJC_ARC = YES;
				CLANG_WARN_BOOL_CONVERSION = YES;
				CLANG_WARN_CONSTANT_CONVERSION = YES;
				CLANG_WARN_DIRECT_OBJC_ISA_USAGE = YES_ERROR;
				CLANG_WARN_EMPTY_BODY = YES;
				CLANG_WARN_ENUM_CONVERSION = YES;
				CLANG_WARN_INT_CONVERSION = YES;
				CLANG_WARN_OBJC_ROOT_CLASS = YES_ERROR;
				CLANG_WARN_UNREACHABLE_CODE = YES;
				CLANG_WARN__DUPLICATE_METHOD_MATCH = YES;
				"CODE_SIGN_IDENTITY[sdk=iphoneos*]" = "iPhone Developer";
				COPY_PHASE_STRIP = NO;
				DEBUG_INFORMATION_FORMAT = "dwarf-with-dsym";
				ENABLE_NS_ASSERTIONS = NO;
				ENABLE_STRICT_OBJC_MSGSEND = YES;
				GCC_C_LANGUAGE_STANDARD = gnu99;
				GCC_NO_COMMON_BLOCKS = YES;
				GCC_WARN_64_TO_32_BIT_CONVERSION = YES;
				GCC_WARN_ABOUT_RETURN_TYPE = YES_ERROR;
				GCC_WARN_UNDECLARED_SELECTOR = YES;
				GCC_WARN_UNINITIALIZED_AUTOS = YES_AGGRESSIVE;
				GCC_WARN_UNUSED_FUNCTION = YES;
				GCC_WARN_UNUSED_VARIABLE = YES;
				IPHONEOS_DEPLOYMENT_TARGET = 9.2;
				MTL_ENABLE_DEBUG_INFO = NO;
				SDKROOT = iphoneos;
				VALIDATE_PRODUCT = YES;
			};
			name = Release;
		};
		75F929B61C1FB96800FBA68A /* Debug */ = {
			isa = XCBuildConfiguration;
			buildSettings = {
				ASSETCATALOG_COMPILER_APPICON_NAME = AppIcon;
				INFOPLIST_FILE = Tips/Info.plist;
				LD_RUNPATH_SEARCH_PATHS = "$(inherited) @executable_path/Frameworks";
				PRODUCT_BUNDLE_IDENTIFIER = com.lainiewright.Tips;
				PRODUCT_NAME = "$(TARGET_NAME)";
			};
			name = Debug;
		};
		75F929B71C1FB96800FBA68A /* Release */ = {
			isa = XCBuildConfiguration;
			buildSettings = {
				ASSETCATALOG_COMPILER_APPICON_NAME = AppIcon;
				INFOPLIST_FILE = Tips/Info.plist;
				LD_RUNPATH_SEARCH_PATHS = "$(inherited) @executable_path/Frameworks";
				PRODUCT_BUNDLE_IDENTIFIER = com.lainiewright.Tips;
				PRODUCT_NAME = "$(TARGET_NAME)";
			};
			name = Release;
		};
		75F929B91C1FB96800FBA68A /* Debug */ = {
			isa = XCBuildConfiguration;
			buildSettings = {
				BUNDLE_LOADER = "$(TEST_HOST)";
				INFOPLIST_FILE = TipsTests/Info.plist;
				LD_RUNPATH_SEARCH_PATHS = "$(inherited) @executable_path/Frameworks @loader_path/Frameworks";
				PRODUCT_BUNDLE_IDENTIFIER = com.lainiewright.TipsTests;
				PRODUCT_NAME = "$(TARGET_NAME)";
				TEST_HOST = "$(BUILT_PRODUCTS_DIR)/Tips.app/Tips";
			};
			name = Debug;
		};
		75F929BA1C1FB96800FBA68A /* Release */ = {
			isa = XCBuildConfiguration;
			buildSettings = {
				BUNDLE_LOADER = "$(TEST_HOST)";
				INFOPLIST_FILE = TipsTests/Info.plist;
				LD_RUNPATH_SEARCH_PATHS = "$(inherited) @executable_path/Frameworks @loader_path/Frameworks";
				PRODUCT_BUNDLE_IDENTIFIER = com.lainiewright.TipsTests;
				PRODUCT_NAME = "$(TARGET_NAME)";
				TEST_HOST = "$(BUILT_PRODUCTS_DIR)/Tips.app/Tips";
			};
			name = Release;
		};
/* End XCBuildConfiguration section */

/* Begin XCConfigurationList section */
		75F929931C1FB96800FBA68A /* Build configuration list for PBXProject "Tips" */ = {
			isa = XCConfigurationList;
			buildConfigurations = (
				75F929B31C1FB96800FBA68A /* Debug */,
				75F929B41C1FB96800FBA68A /* Release */,
			);
			defaultConfigurationIsVisible = 0;
			defaultConfigurationName = Release;
		};
		75F929B51C1FB96800FBA68A /* Build configuration list for PBXNativeTarget "Tips" */ = {
			isa = XCConfigurationList;
			buildConfigurations = (
				75F929B61C1FB96800FBA68A /* Debug */,
				75F929B71C1FB96800FBA68A /* Release */,
			);
			defaultConfigurationIsVisible = 0;
		};
		75F929B81C1FB96800FBA68A /* Build configuration list for PBXNativeTarget "TipsTests" */ = {
			isa = XCConfigurationList;
			buildConfigurations = (
				75F929B91C1FB96800FBA68A /* Debug */,
				75F929BA1C1FB96800FBA68A /* Release */,
			);
			defaultConfigurationIsVisible = 0;
		};
/* End XCConfigurationList section */
	};
	rootObject = 75F929901C1FB96800FBA68A /* Project object */;
}
